
Microsoft Visual Studio Solution File, Format Version 12.00
# Visual Studio Version 17
VisualStudioVersion = 17.0.31919.166
MinimumVisualStudioVersion = 10.0.40219.1
Project("{FAE04EC0-301F-11D3-BF4B-00C04F79EFBC}") = "PasswordGenerator", "PasswordGenerator\PasswordGenerator.csproj", "{DE332EEC-1649-47B9-9370-7609654EE844}"
EndProject
Global
	GlobalSection(SolutionConfigurationPlatforms) = preSolution
		Debug|Any CPU = Debug|Any CPU
		Release|Any CPU = Release|Any CPU
	EndGlobalSection
	GlobalSection(ProjectConfigurationPlatforms) = postSolution
		{DE332EEC-1649-47B9-9370-7609654EE844}.Debug|Any CPU.ActiveCfg = Debug|Any CPU
		{DE332EEC-1649-47B9-9370-7609654EE844}.Debug|Any CPU.Build.0 = Debug|Any CPU
		{DE332EEC-1649-47B9-9370-7609654EE844}.Release|Any CPU.ActiveCfg = Release|Any CPU
		{DE332EEC-1649-47B9-9370-7609654EE844}.Release|Any CPU.Build.0 = Release|Any CPU
	EndGlobalSection
	GlobalSection(SolutionProperties) = preSolution
		HideSolutionNode = FALSE
	EndGlobalSection
	GlobalSection(ExtensibilityGlobals) = postSolution
		SolutionGuid = {34F64F96-A8B4-47D0-A916-BF65DE737095}
	EndGlobalSection
EndGlobal
